// !$*UTF8*$!
{
	archiveVersion = 1;
	classes = {
	};
	objectVersion = 45;
	objects = {

/* Begin PBXBuildFile section */
		62145237141BD10F009F28C5 /* redstore-cli in Copy Auxilary Executables */ = {isa = PBXBuildFile; fileRef = 624356F1141AB9BE0082757C /* redstore-cli */; };
		6214525F141C1689009F28C5 /* Credits.html in Resources */ = {isa = PBXBuildFile; fileRef = 6214525E141C1689009F28C5 /* Credits.html */; };
		622FC9651414BF3D00F2AA53 /* MainMenu.nib in Resources */ = {isa = PBXBuildFile; fileRef = 622FC9631414BF3D00F2AA53 /* MainMenu.nib */; };
		62393F2814189B4800897A4D /* RedStore.icns in Resources */ = {isa = PBXBuildFile; fileRef = 62393F2714189B4800897A4D /* RedStore.icns */; };
		62393F391418B6F300897A4D /* TaskWrapper.m in Sources */ = {isa = PBXBuildFile; fileRef = 62393F381418B6F300897A4D /* TaskWrapper.m */; };
		62B3F6F4142B0FBA003002A3 /* PreferencesWindow.nib in Resources */ = {isa = PBXBuildFile; fileRef = 62B3F6F2142B0FBA003002A3 /* PreferencesWindow.nib */; };
		62B3F6F8142B0FCB003002A3 /* PreferencesController.m in Sources */ = {isa = PBXBuildFile; fileRef = 62B3F6F7142B0FCB003002A3 /* PreferencesController.m */; };
		62CF19BA14176FE00029F997 /* main.m in Sources */ = {isa = PBXBuildFile; fileRef = 62CF19B914176FE00029F997 /* main.m */; };
		62CF19BF14176FF00029F997 /* RedStoreController.m in Sources */ = {isa = PBXBuildFile; fileRef = 62CF19BC14176FF00029F997 /* RedStoreController.m */; };
		8D11072B0486CEB800E47090 /* InfoPlist.strings in Resources */ = {isa = PBXBuildFile; fileRef = 089C165CFE840E0CC02AAC07 /* InfoPlist.strings */; };
		8D11072F0486CEB800E47090 /* Cocoa.framework in Frameworks */ = {isa = PBXBuildFile; fileRef = 1058C7A1FEA54F0111CA2CBB /* Cocoa.framework */; };
/* End PBXBuildFile section */

/* Begin PBXCopyFilesBuildPhase section */
		6214523D141BD11F009F28C5 /* Copy Auxilary Executables */ = {
			isa = PBXCopyFilesBuildPhase;
			buildActionMask = 2147483647;
			dstPath = "";
			dstSubfolderSpec = 6;
			files = (
				62145237141BD10F009F28C5 /* redstore-cli in Copy Auxilary Executables */,
			);
			name = "Copy Auxilary Executables";
			runOnlyForDeploymentPostprocessing = 0;
		};
/* End PBXCopyFilesBuildPhase section */

/* Begin PBXFileReference section */
		089C165DFE840E0CC02AAC07 /* English */ = {isa = PBXFileReference; fileEncoding = 4; lastKnownFileType = text.plist.strings; name = English; path = English.lproj/InfoPlist.strings; sourceTree = "<group>"; };
		1058C7A1FEA54F0111CA2CBB /* Cocoa.framework */ = {isa = PBXFileReference; lastKnownFileType = wrapper.framework; name = Cocoa.framework; path = /System/Library/Frameworks/Cocoa.framework; sourceTree = "<absolute>"; };
		256AC3F00F4B6AF500CF3369 /* RedStore_Prefix.pch */ = {isa = PBXFileReference; fileEncoding = 4; lastKnownFileType = sourcecode.c.h; path = RedStore_Prefix.pch; sourceTree = "<group>"; };
		29B97324FDCFA39411CA2CEA /* AppKit.framework */ = {isa = PBXFileReference; lastKnownFileType = wrapper.framework; name = AppKit.framework; path = /System/Library/Frameworks/AppKit.framework; sourceTree = "<absolute>"; };
		29B97325FDCFA39411CA2CEA /* Foundation.framework */ = {isa = PBXFileReference; lastKnownFileType = wrapper.framework; name = Foundation.framework; path = /System/Library/Frameworks/Foundation.framework; sourceTree = "<absolute>"; };
		6214525E141C1689009F28C5 /* Credits.html */ = {isa = PBXFileReference; fileEncoding = 4; lastKnownFileType = text.html; path = Credits.html; sourceTree = "<group>"; };
		622FC9641414BF3D00F2AA53 /* English */ = {isa = PBXFileReference; lastKnownFileType = wrapper.nib; name = English; path = English.lproj/MainMenu.nib; sourceTree = "<group>"; };
		62393F2714189B4800897A4D /* RedStore.icns */ = {isa = PBXFileReference; lastKnownFileType = image.icns; path = RedStore.icns; sourceTree = "<group>"; };
		62393F371418B6F300897A4D /* TaskWrapper.h */ = {isa = PBXFileReference; fileEncoding = 4; lastKnownFileType = sourcecode.c.h; name = TaskWrapper.h; path = src/TaskWrapper.h; sourceTree = "<group>"; };
		62393F381418B6F300897A4D /* TaskWrapper.m */ = {isa = PBXFileReference; fileEncoding = 4; lastKnownFileType = sourcecode.c.objc; name = TaskWrapper.m; path = src/TaskWrapper.m; sourceTree = "<group>"; };
		624356F1141AB9BE0082757C /* redstore-cli */ = {isa = PBXFileReference; lastKnownFileType = "compiled.mach-o.executable"; path = "redstore-cli"; sourceTree = "<group>"; };
		62B3F6F3142B0FBA003002A3 /* English */ = {isa = PBXFileReference; lastKnownFileType = wrapper.nib; name = English; path = English.lproj/PreferencesWindow.nib; sourceTree = "<group>"; };
		62B3F6F6142B0FCB003002A3 /* PreferencesController.h */ = {isa = PBXFileReference; fileEncoding = 4; lastKnownFileType = sourcecode.c.h; name = PreferencesController.h; path = src/PreferencesController.h; sourceTree = "<group>"; };
		62B3F6F7142B0FCB003002A3 /* PreferencesController.m */ = {isa = PBXFileReference; fileEncoding = 4; lastKnownFileType = sourcecode.c.objc; name = PreferencesController.m; path = src/PreferencesController.m; sourceTree = "<group>"; };
		62CF19B914176FE00029F997 /* main.m */ = {isa = PBXFileReference; fileEncoding = 4; lastKnownFileType = sourcecode.c.objc; name = main.m; path = src/main.m; sourceTree = "<group>"; };
		62CF19BB14176FF00029F997 /* RedStoreController.h */ = {isa = PBXFileReference; fileEncoding = 4; lastKnownFileType = sourcecode.c.h; name = RedStoreController.h; path = src/RedStoreController.h; sourceTree = "<group>"; };
		62CF19BC14176FF00029F997 /* RedStoreController.m */ = {isa = PBXFileReference; fileEncoding = 4; lastKnownFileType = sourcecode.c.objc; name = RedStoreController.m; path = src/RedStoreController.m; sourceTree = "<group>"; };
		8D1107310486CEB800E47090 /* RedStore-Info.plist */ = {isa = PBXFileReference; fileEncoding = 4; lastKnownFileType = text.plist.xml; path = "RedStore-Info.plist"; sourceTree = "<group>"; };
		8D1107320486CEB800E47090 /* RedStore.app */ = {isa = PBXFileReference; explicitFileType = wrapper.application; includeInIndex = 0; path = RedStore.app; sourceTree = BUILT_PRODUCTS_DIR; };
/* End PBXFileReference section */

/* Begin PBXFrameworksBuildPhase section */
		8D11072E0486CEB800E47090 /* Frameworks */ = {
			isa = PBXFrameworksBuildPhase;
			buildActionMask = 2147483647;
			files = (
				8D11072F0486CEB800E47090 /* Cocoa.framework in Frameworks */,
			);
			runOnlyForDeploymentPostprocessing = 0;
		};
/* End PBXFrameworksBuildPhase section */

/* Begin PBXGroup section */
		080E96DDFE201D6D7F000001 /* Classes */ = {
			isa = PBXGroup;
			children = (
				62CF19BB14176FF00029F997 /* RedStoreController.h */,
				62CF19BC14176FF00029F997 /* RedStoreController.m */,
				62393F371418B6F300897A4D /* TaskWrapper.h */,
				62393F381418B6F300897A4D /* TaskWrapper.m */,
				62B3F6F6142B0FCB003002A3 /* PreferencesController.h */,
				62B3F6F7142B0FCB003002A3 /* PreferencesController.m */,
			);
			name = Classes;
			sourceTree = "<group>";
		};
		1058C7A0FEA54F0111CA2CBB /* Linked Frameworks */ = {
			isa = PBXGroup;
			children = (
				1058C7A1FEA54F0111CA2CBB /* Cocoa.framework */,
			);
			name = "Linked Frameworks";
			sourceTree = "<group>";
		};
		1058C7A2FEA54F0111CA2CBB /* Other Frameworks */ = {
			isa = PBXGroup;
			children = (
				29B97324FDCFA39411CA2CEA /* AppKit.framework */,
				29B97325FDCFA39411CA2CEA /* Foundation.framework */,
			);
			name = "Other Frameworks";
			sourceTree = "<group>";
		};
		19C28FACFE9D520D11CA2CBB /* Products */ = {
			isa = PBXGroup;
			children = (
				8D1107320486CEB800E47090 /* RedStore.app */,
			);
			name = Products;
			sourceTree = "<group>";
		};
		29B97314FDCFA39411CA2CEA /* RedStore */ = {
			isa = PBXGroup;
			children = (
				080E96DDFE201D6D7F000001 /* Classes */,
				29B97315FDCFA39411CA2CEA /* Other Sources */,
				29B97317FDCFA39411CA2CEA /* Resources */,
				624356EE141AB99F0082757C /* Auxilary Executables */,
				29B97323FDCFA39411CA2CEA /* Frameworks */,
				19C28FACFE9D520D11CA2CBB /* Products */,
			);
			name = RedStore;
			sourceTree = "<group>";
		};
		29B97315FDCFA39411CA2CEA /* Other Sources */ = {
			isa = PBXGroup;
			children = (
				256AC3F00F4B6AF500CF3369 /* RedStore_Prefix.pch */,
				62CF19B914176FE00029F997 /* main.m */,
			);
			name = "Other Sources";
			sourceTree = "<group>";
		};
		29B97317FDCFA39411CA2CEA /* Resources */ = {
			isa = PBXGroup;
			children = (
				6214525E141C1689009F28C5 /* Credits.html */,
				62393F2714189B4800897A4D /* RedStore.icns */,
				622FC9631414BF3D00F2AA53 /* MainMenu.nib */,
				62B3F6F2142B0FBA003002A3 /* PreferencesWindow.nib */,
				8D1107310486CEB800E47090 /* RedStore-Info.plist */,
				089C165CFE840E0CC02AAC07 /* InfoPlist.strings */,
			);
			name = Resources;
			sourceTree = "<group>";
		};
		29B97323FDCFA39411CA2CEA /* Frameworks */ = {
			isa = PBXGroup;
			children = (
				1058C7A0FEA54F0111CA2CBB /* Linked Frameworks */,
				1058C7A2FEA54F0111CA2CBB /* Other Frameworks */,
			);
			name = Frameworks;
			sourceTree = "<group>";
		};
		624356EE141AB99F0082757C /* Auxilary Executables */ = {
			isa = PBXGroup;
			children = (
				624356F1141AB9BE0082757C /* redstore-cli */,
			);
			name = "Auxilary Executables";
			path = bin;
			sourceTree = SOURCE_ROOT;
		};
/* End PBXGroup section */

/* Begin PBXNativeTarget section */
		8D1107260486CEB800E47090 /* RedStore */ = {
			isa = PBXNativeTarget;
			buildConfigurationList = C01FCF4A08A954540054247B /* Build configuration list for PBXNativeTarget "RedStore" */;
			buildPhases = (
				8D1107290486CEB800E47090 /* Resources */,
				6214523D141BD11F009F28C5 /* Copy Auxilary Executables */,
				8D11072C0486CEB800E47090 /* Sources */,
				8D11072E0486CEB800E47090 /* Frameworks */,
			);
			buildRules = (
			);
			dependencies = (
			);
			name = RedStore;
			productInstallPath = "$(HOME)/Applications";
			productName = RedStore;
			productReference = 8D1107320486CEB800E47090 /* RedStore.app */;
			productType = "com.apple.product-type.application";
		};
/* End PBXNativeTarget section */

/* Begin PBXProject section */
		29B97313FDCFA39411CA2CEA /* Project object */ = {
			isa = PBXProject;
			buildConfigurationList = C01FCF4E08A954540054247B /* Build configuration list for PBXProject "RedStore" */;
			compatibilityVersion = "Xcode 3.1";
			developmentRegion = English;
			hasScannedForEncodings = 1;
			knownRegions = (
				English,
				Japanese,
				French,
				German,
			);
			mainGroup = 29B97314FDCFA39411CA2CEA /* RedStore */;
			projectDirPath = "";
			projectRoot = "";
			targets = (
				8D1107260486CEB800E47090 /* RedStore */,
			);
		};
/* End PBXProject section */

/* Begin PBXResourcesBuildPhase section */
		8D1107290486CEB800E47090 /* Resources */ = {
			isa = PBXResourcesBuildPhase;
			buildActionMask = 2147483647;
			files = (
				8D11072B0486CEB800E47090 /* InfoPlist.strings in Resources */,
				622FC9651414BF3D00F2AA53 /* MainMenu.nib in Resources */,
				62393F2814189B4800897A4D /* RedStore.icns in Resources */,
				6214525F141C1689009F28C5 /* Credits.html in Resources */,
				62B3F6F4142B0FBA003002A3 /* PreferencesWindow.nib in Resources */,
			);
			runOnlyForDeploymentPostprocessing = 0;
		};
/* End PBXResourcesBuildPhase section */

/* Begin PBXSourcesBuildPhase section */
		8D11072C0486CEB800E47090 /* Sources */ = {
			isa = PBXSourcesBuildPhase;
			buildActionMask = 2147483647;
			files = (
				62CF19BA14176FE00029F997 /* main.m in Sources */,
				62CF19BF14176FF00029F997 /* RedStoreController.m in Sources */,
				62393F391418B6F300897A4D /* TaskWrapper.m in Sources */,
				62B3F6F8142B0FCB003002A3 /* PreferencesController.m in Sources */,
			);
			runOnlyForDeploymentPostprocessing = 0;
		};
/* End PBXSourcesBuildPhase section */

/* Begin PBXVariantGroup section */
		089C165CFE840E0CC02AAC07 /* InfoPlist.strings */ = {
			isa = PBXVariantGroup;
			children = (
				089C165DFE840E0CC02AAC07 /* English */,
			);
			name = InfoPlist.strings;
			sourceTree = "<group>";
		};
		622FC9631414BF3D00F2AA53 /* MainMenu.nib */ = {
			isa = PBXVariantGroup;
			children = (
				622FC9641414BF3D00F2AA53 /* English */,
			);
			name = MainMenu.nib;
			sourceTree = "<group>";
		};
		62B3F6F2142B0FBA003002A3 /* PreferencesWindow.nib */ = {
			isa = PBXVariantGroup;
			children = (
				62B3F6F3142B0FBA003002A3 /* English */,
			);
			name = PreferencesWindow.nib;
			sourceTree = "<group>";
		};
/* End PBXVariantGroup section */

/* Begin XCBuildConfiguration section */
		C01FCF4B08A954540054247B /* Debug */ = {
			isa = XCBuildConfiguration;
			buildSettings = {
				ALWAYS_SEARCH_USER_PATHS = NO;
				ARCHS = "$(ARCHS_STANDARD_32_BIT)";
				COPY_PHASE_STRIP = NO;
				GCC_DYNAMIC_NO_PIC = NO;
				GCC_ENABLE_FIX_AND_CONTINUE = YES;
				GCC_MODEL_TUNING = G5;
				GCC_OPTIMIZATION_LEVEL = 0;
				GCC_PRECOMPILE_PREFIX_HEADER = YES;
				GCC_PREFIX_HEADER = RedStore_Prefix.pch;
				GCC_PREPROCESSOR_DEFINITIONS = DEBUG;
				GCC_VERSION = 4.0;
				GCC_WARN_SHADOW = YES;
				GCC_WARN_UNUSED_FUNCTION = YES;
				GCC_WARN_UNUSED_PARAMETER = NO;
				INFOPLIST_FILE = "RedStore-Info.plist";
				INSTALL_PATH = "$(HOME)/Applications";
				PRODUCT_NAME = RedStore;
				SDKROOT = macosx10.4;
				VALID_ARCHS = "i386 ppc ppc64 ppc7400 ppc970 x86_64";
			};
			name = Debug;
		};
		C01FCF4C08A954540054247B /* Release */ = {
			isa = XCBuildConfiguration;
			buildSettings = {
				ALWAYS_SEARCH_USER_PATHS = NO;
				ARCHS = (
					i386,
					ppc,
				);
				DEBUG_INFORMATION_FORMAT = "dwarf-with-dsym";
				GCC_MODEL_TUNING = G5;
				GCC_PRECOMPILE_PREFIX_HEADER = YES;
				GCC_PREFIX_HEADER = RedStore_Prefix.pch;
				GCC_VERSION = 4.0;
				INFOPLIST_FILE = "RedStore-Info.plist";
				INSTALL_PATH = "$(HOME)/Applications";
				PRODUCT_NAME = RedStore;
				SDKROOT = macosx10.4;
			};
			name = Release;
		};
		C01FCF4F08A954540054247B /* Debug */ = {
			isa = XCBuildConfiguration;
			buildSettings = {
				ARCHS = "$(ARCHS_STANDARD_32_64_BIT)";
				GCC_C_LANGUAGE_STANDARD = gnu99;
				GCC_OPTIMIZATION_LEVEL = 0;
				GCC_WARN_ABOUT_RETURN_TYPE = YES;
				GCC_WARN_UNUSED_VARIABLE = YES;
				ONLY_ACTIVE_ARCH = YES;
				PREBINDING = NO;
				SDKROOT = macosx10.6;
			};
			name = Debug;
		};
		C01FCF5008A954540054247B /* Release */ = {
			isa = XCBuildConfiguration;
			buildSettings = {
				ARCHS = "$(ARCHS_STANDARD_32_64_BIT)";
				GCC_C_LANGUAGE_STANDARD = gnu99;
				GCC_WARN_ABOUT_RETURN_TYPE = YES;
				GCC_WARN_UNUSED_VARIABLE = YES;
				PREBINDING = NO;
				SDKROOT = macosx10.6;
			};
			name = Release;
		};
/* End XCBuildConfiguration section */

/* Begin XCConfigurationList section */
		C01FCF4A08A954540054247B /* Build configuration list for PBXNativeTarget "RedStore" */ = {
			isa = XCConfigurationList;
			buildConfigurations = (
				C01FCF4B08A954540054247B /* Debug */,
				C01FCF4C08A954540054247B /* Release */,
			);
			defaultConfigurationIsVisible = 0;
			defaultConfigurationName = Release;
		};
		C01FCF4E08A954540054247B /* Build configuration list for PBXProject "RedStore" */ = {
			isa = XCConfigurationList;
			buildConfigurations = (
				C01FCF4F08A954540054247B /* Debug */,
				C01FCF5008A954540054247B /* Release */,
			);
			defaultConfigurationIsVisible = 0;
			defaultConfigurationName = Release;
		};
/* End XCConfigurationList section */
	};
	rootObject = 29B97313FDCFA39411CA2CEA /* Project object */;
}
